
Microsoft Visual Studio Solution File, Format Version 12.00
# Visual Studio Version 16
VisualStudioVersion = 16.0.30413.136
MinimumVisualStudioVersion = 10.0.40219.1
Project("{9A19103F-16F7-4668-BE54-9A1E7A4F7556}") = "AdventOfCode", "AdventOfCode\AdventOfCode.csproj", "{01831BCF-767F-4832-BE01-9606CBE9CE53}"
EndProject
Project("{FAE04EC0-301F-11D3-BF4B-00C04F79EFBC}") = "AoC2021", "AoC2021\AoC2021.csproj", "{3DC41D5A-B13E-4510-9D05-99B3CB2FDDF0}"
EndProject
Global
	GlobalSection(SolutionConfigurationPlatforms) = preSolution
		Debug|Any CPU = Debug|Any CPU
		Release|Any CPU = Release|Any CPU
	EndGlobalSection
	GlobalSection(ProjectConfigurationPlatforms) = postSolution
		{01831BCF-767F-4832-BE01-9606CBE9CE53}.Debug|Any CPU.ActiveCfg = Debug|Any CPU
		{01831BCF-767F-4832-BE01-9606CBE9CE53}.Debug|Any CPU.Build.0 = Debug|Any CPU
		{01831BCF-767F-4832-BE01-9606CBE9CE53}.Release|Any CPU.ActiveCfg = Release|Any CPU
		{01831BCF-767F-4832-BE01-9606CBE9CE53}.Release|Any CPU.Build.0 = Release|Any CPU
		{3DC41D5A-B13E-4510-9D05-99B3CB2FDDF0}.Debug|Any CPU.ActiveCfg = Debug|Any CPU
		{3DC41D5A-B13E-4510-9D05-99B3CB2FDDF0}.Debug|Any CPU.Build.0 = Debug|Any CPU
		{3DC41D5A-B13E-4510-9D05-99B3CB2FDDF0}.Release|Any CPU.ActiveCfg = Release|Any CPU
		{3DC41D5A-B13E-4510-9D05-99B3CB2FDDF0}.Release|Any CPU.Build.0 = Release|Any CPU
	EndGlobalSection
	GlobalSection(SolutionProperties) = preSolution
		HideSolutionNode = FALSE
	EndGlobalSection
	GlobalSection(ExtensibilityGlobals) = postSolution
		SolutionGuid = {32EEA1CA-3BAA-4E15-BF6C-0EACD9BB8818}
	EndGlobalSection
EndGlobal
